
Microsoft Visual Studio Solution File, Format Version 12.00
# Visual Studio 15
VisualStudioVersion = 15.0.28010.2036
MinimumVisualStudioVersion = 10.0.40219.1
Project("{9A19103F-16F7-4668-BE54-9A1E7A4F7556}") = "WorkingWithFileSystems", "WorkingWithFileSystems\WorkingWithFileSystems.csproj", "{E2116A27-E70A-41FC-AA92-342FC826F39F}"
EndProject
Project("{9A19103F-16F7-4668-BE54-9A1E7A4F7556}") = "WorkingWithSerialization", "WorkingWithSerialization\WorkingWithSerialization.csproj", "{97BF5263-7F3A-44CE-AFB4-167DA7085C1F}"
EndProject
Global
	GlobalSection(SolutionConfigurationPlatforms) = preSolution
		Debug|Any CPU = Debug|Any CPU
		Release|Any CPU = Release|Any CPU
	EndGlobalSection
	GlobalSection(ProjectConfigurationPlatforms) = postSolution
		{E2116A27-E70A-41FC-AA92-342FC826F39F}.Debug|Any CPU.ActiveCfg = Debug|Any CPU
		{E2116A27-E70A-41FC-AA92-342FC826F39F}.Debug|Any CPU.Build.0 = Debug|Any CPU
		{E2116A27-E70A-41FC-AA92-342FC826F39F}.Release|Any CPU.ActiveCfg = Release|Any CPU
		{E2116A27-E70A-41FC-AA92-342FC826F39F}.Release|Any CPU.Build.0 = Release|Any CPU
		{97BF5263-7F3A-44CE-AFB4-167DA7085C1F}.Debug|Any CPU.ActiveCfg = Debug|Any CPU
		{97BF5263-7F3A-44CE-AFB4-167DA7085C1F}.Debug|Any CPU.Build.0 = Debug|Any CPU
		{97BF5263-7F3A-44CE-AFB4-167DA7085C1F}.Release|Any CPU.ActiveCfg = Release|Any CPU
		{97BF5263-7F3A-44CE-AFB4-167DA7085C1F}.Release|Any CPU.Build.0 = Release|Any CPU
	EndGlobalSection
	GlobalSection(SolutionProperties) = preSolution
		HideSolutionNode = FALSE
	EndGlobalSection
	GlobalSection(ExtensibilityGlobals) = postSolution
		SolutionGuid = {8DD1E425-7C97-4FE1-A86D-09114E17855D}
	EndGlobalSection
EndGlobal
