
Microsoft Visual Studio Solution File, Format Version 12.00
# Visual Studio 15
VisualStudioVersion = 15.0.28010.2026
MinimumVisualStudioVersion = 10.0.40219.1
Project("{FAE04EC0-301F-11D3-BF4B-00C04F79EFBC}") = "ClassAspectExamples", "ClassAspectExamples\ClassAspectExamples.csproj", "{79797764-D92D-45B6-8531-2C81C3DF3DB9}"
EndProject
Project("{FAE04EC0-301F-11D3-BF4B-00C04F79EFBC}") = "ShapeApp", "ShapeApp\ShapeApp.csproj", "{B2C72500-2938-4F85-8EA2-F2C90492A65F}"
EndProject
Project("{FAE04EC0-301F-11D3-BF4B-00C04F79EFBC}") = "PassingParameters", "PassingParameters\PassingParameters.csproj", "{2DC5B3BC-C5AF-4A84-9393-D5CA329C90F6}"
EndProject
Global
	GlobalSection(SolutionConfigurationPlatforms) = preSolution
		Debug|Any CPU = Debug|Any CPU
		Release|Any CPU = Release|Any CPU
	EndGlobalSection
	GlobalSection(ProjectConfigurationPlatforms) = postSolution
		{79797764-D92D-45B6-8531-2C81C3DF3DB9}.Debug|Any CPU.ActiveCfg = Debug|Any CPU
		{79797764-D92D-45B6-8531-2C81C3DF3DB9}.Debug|Any CPU.Build.0 = Debug|Any CPU
		{79797764-D92D-45B6-8531-2C81C3DF3DB9}.Release|Any CPU.ActiveCfg = Release|Any CPU
		{79797764-D92D-45B6-8531-2C81C3DF3DB9}.Release|Any CPU.Build.0 = Release|Any CPU
		{B2C72500-2938-4F85-8EA2-F2C90492A65F}.Debug|Any CPU.ActiveCfg = Debug|Any CPU
		{B2C72500-2938-4F85-8EA2-F2C90492A65F}.Debug|Any CPU.Build.0 = Debug|Any CPU
		{B2C72500-2938-4F85-8EA2-F2C90492A65F}.Release|Any CPU.ActiveCfg = Release|Any CPU
		{B2C72500-2938-4F85-8EA2-F2C90492A65F}.Release|Any CPU.Build.0 = Release|Any CPU
		{2DC5B3BC-C5AF-4A84-9393-D5CA329C90F6}.Debug|Any CPU.ActiveCfg = Debug|Any CPU
		{2DC5B3BC-C5AF-4A84-9393-D5CA329C90F6}.Debug|Any CPU.Build.0 = Debug|Any CPU
		{2DC5B3BC-C5AF-4A84-9393-D5CA329C90F6}.Release|Any CPU.ActiveCfg = Release|Any CPU
		{2DC5B3BC-C5AF-4A84-9393-D5CA329C90F6}.Release|Any CPU.Build.0 = Release|Any CPU
	EndGlobalSection
	GlobalSection(SolutionProperties) = preSolution
		HideSolutionNode = FALSE
	EndGlobalSection
	GlobalSection(ExtensibilityGlobals) = postSolution
		SolutionGuid = {2879B090-88A9-4571-8B0E-6FE19E7CFF0A}
	EndGlobalSection
EndGlobal
